{
  "name": "cc2145a2fe1558fa",
  "lockfileVersion": 3,
  "requires": true,
  "packages": {
    "": {
      "dependencies": {
        "create-next-app": "^16.1.1"
      }
    },
    "node_modules/create-next-app": {
      "version": "16.1.1",
      "resolved": "https://registry.npmjs.org/create-next-app/-/create-next-app-16.1.1.tgz",
      "integrity": "sha512-lj8lXY+P63EFM9yUt1UDhCbF0TQiNhOCefDLfnaGK4Eofq34x3dSamP2rS4AJhmPn0MP05AYyZJ0+AQ50PadQg==",
      "license": "MIT",
      "bin": {
        "create-next-app": "dist/index.js"
      },
      "engines": {
        "node": ">=20.9.0"
      }
    }
  }
}
